
Microsoft Visual Studio Solution File, Format Version 12.00
# Visual Studio Version 16
VisualStudioVersion = 16.0.31313.79
MinimumVisualStudioVersion = 10.0.40219.1
Project("{FAE04EC0-301F-11D3-BF4B-00C04F79EFBC}") = "WhyNotWin11", "WhyNotWin11\WhyNotWin11.csproj", "{8D3066D5-7DBC-43C4-96F6-F8F39593743F}"
EndProject
Global
	GlobalSection(SolutionConfigurationPlatforms) = preSolution
		Debug|Any CPU = Debug|Any CPU
		Release|Any CPU = Release|Any CPU
	EndGlobalSection
	GlobalSection(ProjectConfigurationPlatforms) = postSolution
		{8D3066D5-7DBC-43C4-96F6-F8F39593743F}.Debug|Any CPU.ActiveCfg = Debug|Any CPU
		{8D3066D5-7DBC-43C4-96F6-F8F39593743F}.Debug|Any CPU.Build.0 = Debug|Any CPU
		{8D3066D5-7DBC-43C4-96F6-F8F39593743F}.Release|Any CPU.ActiveCfg = Release|Any CPU
		{8D3066D5-7DBC-43C4-96F6-F8F39593743F}.Release|Any CPU.Build.0 = Release|Any CPU
	EndGlobalSection
	GlobalSection(SolutionProperties) = preSolution
		HideSolutionNode = FALSE
	EndGlobalSection
	GlobalSection(ExtensibilityGlobals) = postSolution
		SolutionGuid = {384A2595-90BA-4C00-A98C-7EE8E77BF9E9}
	EndGlobalSection
EndGlobal
